
Microsoft Visual Studio Solution File, Format Version 12.00
# Visual Studio 15
VisualStudioVersion = 15.0.28307.1145
MinimumVisualStudioVersion = 10.0.40219.1
Project("{FAE04EC0-301F-11D3-BF4B-00C04F79EFBC}") = "BinaryIndexedTree", "BinaryIndexedTree\BinaryIndexedTree.csproj", "{B1ECF01D-177F-4736-ABEA-35A368439D68}"
EndProject
Global
	GlobalSection(SolutionConfigurationPlatforms) = preSolution
		Debug|Any CPU = Debug|Any CPU
		Release|Any CPU = Release|Any CPU
	EndGlobalSection
	GlobalSection(ProjectConfigurationPlatforms) = postSolution
		{B1ECF01D-177F-4736-ABEA-35A368439D68}.Debug|Any CPU.ActiveCfg = Debug|Any CPU
		{B1ECF01D-177F-4736-ABEA-35A368439D68}.Debug|Any CPU.Build.0 = Debug|Any CPU
		{B1ECF01D-177F-4736-ABEA-35A368439D68}.Release|Any CPU.ActiveCfg = Release|Any CPU
		{B1ECF01D-177F-4736-ABEA-35A368439D68}.Release|Any CPU.Build.0 = Release|Any CPU
	EndGlobalSection
	GlobalSection(SolutionProperties) = preSolution
		HideSolutionNode = FALSE
	EndGlobalSection
	GlobalSection(ExtensibilityGlobals) = postSolution
		SolutionGuid = {F0163033-7D52-48B0-BB1F-C47915CD254B}
	EndGlobalSection
EndGlobal
