
Microsoft Visual Studio Solution File, Format Version 12.00
# Visual Studio 15
VisualStudioVersion = 15.0.28307.1145
MinimumVisualStudioVersion = 10.0.40219.1
Project("{FAE04EC0-301F-11D3-BF4B-00C04F79EFBC}") = "PrefixTree", "PrefixTree\PrefixTree.csproj", "{76CA38A8-82F4-4435-B588-5C442490110C}"
EndProject
Global
	GlobalSection(SolutionConfigurationPlatforms) = preSolution
		Debug|Any CPU = Debug|Any CPU
		Release|Any CPU = Release|Any CPU
	EndGlobalSection
	GlobalSection(ProjectConfigurationPlatforms) = postSolution
		{76CA38A8-82F4-4435-B588-5C442490110C}.Debug|Any CPU.ActiveCfg = Debug|Any CPU
		{76CA38A8-82F4-4435-B588-5C442490110C}.Debug|Any CPU.Build.0 = Debug|Any CPU
		{76CA38A8-82F4-4435-B588-5C442490110C}.Release|Any CPU.ActiveCfg = Release|Any CPU
		{76CA38A8-82F4-4435-B588-5C442490110C}.Release|Any CPU.Build.0 = Release|Any CPU
	EndGlobalSection
	GlobalSection(SolutionProperties) = preSolution
		HideSolutionNode = FALSE
	EndGlobalSection
	GlobalSection(ExtensibilityGlobals) = postSolution
		SolutionGuid = {E71BDBF3-B79F-4643-84B3-105EB3B37F57}
	EndGlobalSection
EndGlobal
