
Microsoft Visual Studio Solution File, Format Version 12.00
# Visual Studio 15
VisualStudioVersion = 15.0.28307.1145
MinimumVisualStudioVersion = 10.0.40219.1
Project("{FAE04EC0-301F-11D3-BF4B-00C04F79EFBC}") = "Stack", "Stack\Stack.csproj", "{72E3E6DC-3DC9-4EE0-91F5-076398B4250C}"
EndProject
Global
	GlobalSection(SolutionConfigurationPlatforms) = preSolution
		Debug|Any CPU = Debug|Any CPU
		Release|Any CPU = Release|Any CPU
	EndGlobalSection
	GlobalSection(ProjectConfigurationPlatforms) = postSolution
		{72E3E6DC-3DC9-4EE0-91F5-076398B4250C}.Debug|Any CPU.ActiveCfg = Debug|Any CPU
		{72E3E6DC-3DC9-4EE0-91F5-076398B4250C}.Debug|Any CPU.Build.0 = Debug|Any CPU
		{72E3E6DC-3DC9-4EE0-91F5-076398B4250C}.Release|Any CPU.ActiveCfg = Release|Any CPU
		{72E3E6DC-3DC9-4EE0-91F5-076398B4250C}.Release|Any CPU.Build.0 = Release|Any CPU
	EndGlobalSection
	GlobalSection(SolutionProperties) = preSolution
		HideSolutionNode = FALSE
	EndGlobalSection
	GlobalSection(ExtensibilityGlobals) = postSolution
		SolutionGuid = {D96DB0C8-5BAA-4662-A685-ED9FDBA622DD}
	EndGlobalSection
EndGlobal
