
Microsoft Visual Studio Solution File, Format Version 12.00
# Visual Studio 15
VisualStudioVersion = 15.0.28307.1145
MinimumVisualStudioVersion = 10.0.40219.1
Project("{FAE04EC0-301F-11D3-BF4B-00C04F79EFBC}") = "Extension Methods", "Extension Methods\Extension Methods.csproj", "{18714E07-6926-4E86-899C-4734A8605C8D}"
EndProject
Global
	GlobalSection(SolutionConfigurationPlatforms) = preSolution
		Debug|Any CPU = Debug|Any CPU
		Release|Any CPU = Release|Any CPU
	EndGlobalSection
	GlobalSection(ProjectConfigurationPlatforms) = postSolution
		{18714E07-6926-4E86-899C-4734A8605C8D}.Debug|Any CPU.ActiveCfg = Debug|Any CPU
		{18714E07-6926-4E86-899C-4734A8605C8D}.Debug|Any CPU.Build.0 = Debug|Any CPU
		{18714E07-6926-4E86-899C-4734A8605C8D}.Release|Any CPU.ActiveCfg = Release|Any CPU
		{18714E07-6926-4E86-899C-4734A8605C8D}.Release|Any CPU.Build.0 = Release|Any CPU
	EndGlobalSection
	GlobalSection(SolutionProperties) = preSolution
		HideSolutionNode = FALSE
	EndGlobalSection
	GlobalSection(ExtensibilityGlobals) = postSolution
		SolutionGuid = {7AB97C96-590D-4088-B676-422CBFBC8313}
	EndGlobalSection
EndGlobal
